<?xml version="1.0" encoding="utf-8"?>
<Project ToolsVersion="4.0" xmlns="http://schemas.microsoft.com/developer/msbuild/2003">
  <ItemGroup>
    <Filter Include="Source Files">
      <UniqueIdentifier>{4FC737F1-C7A5-4376-A066-2A32D752A2FF}</UniqueIdentifier>
      <Extensions>cpp;c;cc;cxx;def;odl;idl;hpj;bat;asm;asmx</Extensions>
    </Filter>
    <Filter Include="Header Files">
      <UniqueIdentifier>{93995380-89BD-4b04-88EB-625FBE52EBFB}</UniqueIdentifier>
      <Extensions>h;hh;hpp;hxx;hm;inl;inc;xsd</Extensions>
    </Filter>
    <Filter Include="Resource Files">
      <UniqueIdentifier>{67DA6AB6-F800-4c08-8B7A-83BB121AAD01}</UniqueIdentifier>
      <Extensions>rc;ico;cur;bmp;dlg;rc2;rct;bin;rgs;gif;jpg;jpeg;jpe;resx;tiff;tif;png;wav;mfcribbon-ms</Extensions>
    </Filter>
  </ItemGroup>
  <ItemGroup>
    <ClCompile Include="main.c">
      <Filter>Source Files</Filter>
    </ClCompile>
    <ClCompile Include="test-pcre.c">
      <Filter>Source Files</Filter>
    </ClCompile>
    <ClCompile Include="test-xdr.c">
      <Filter>Source Files</Filter>
    </ClCompile>
    <ClCompile Include="test-guestfs.c">
      <Filter>Source Files</Filter>
    </ClCompile>
    <ClCompile Include="src\handle.c">
      <Filter>Source Files</Filter>
    </ClCompile>
    <ClCompile Include="test-libxml.c">
      <Filter>Source Files</Filter>
    </ClCompile>
    <ClCompile Include="src\gnulib\lib\glthread\lock.c">
      <Filter>Source Files</Filter>
    </ClCompile>
    <ClCompile Include="src\gnulib\lib\glthread\threadlib.c">
      <Filter>Source Files</Filter>
    </ClCompile>
    <ClCompile Include="test-libintl.c">
      <Filter>Source Files</Filter>
    </ClCompile>
    <ClCompile Include="src\errors.c">
      <Filter>Source Files</Filter>
    </ClCompile>
    <ClCompile Include="src\gnulib\lib\c-ctype.c">
      <Filter>Source Files</Filter>
    </ClCompile>
    <ClCompile Include="src\win-gettimeofday.c">
      <Filter>Source Files</Filter>
    </ClCompile>
    <ClCompile Include="src\win-memmem.c">
      <Filter>Source Files</Filter>
    </ClCompile>
    <ClCompile Include="src\win-realpath.c">
      <Filter>Source Files</Filter>
    </ClCompile>
    <ClCompile Include="src\win-strndup.c">
      <Filter>Source Files</Filter>
    </ClCompile>
    <ClCompile Include="src\win-vaprintf.c">
      <Filter>Source Files</Filter>
    </ClCompile>
    <ClCompile Include="src\alloc.c">
      <Filter>Source Files</Filter>
    </ClCompile>
    <ClCompile Include="src\utils.c">
      <Filter>Source Files</Filter>
    </ClCompile>
    <ClCompile Include="src\events.c">
      <Filter>Source Files</Filter>
    </ClCompile>
    <ClCompile Include="src\launch.c">
      <Filter>Source Files</Filter>
    </ClCompile>
    <ClCompile Include="src\win-getusername.c">
      <Filter>Source Files</Filter>
    </ClCompile>
    <ClCompile Include="src\win-getusid.c">
      <Filter>Source Files</Filter>
    </ClCompile>
    <ClCompile Include="src\actions-3.c">
      <Filter>Source Files</Filter>
    </ClCompile>
    <ClCompile Include="src\errnostring.c">
      <Filter>Source Files</Filter>
    </ClCompile>
    <ClCompile Include="src\actions-support.c">
      <Filter>Source Files</Filter>
    </ClCompile>
    <ClCompile Include="src\win-open_memstream.c">
      <Filter>Source Files</Filter>
    </ClCompile>
    <ClCompile Include="src\actions-2.c">
      <Filter>Source Files</Filter>
    </ClCompile>
    <ClCompile Include="src\proto.c">
      <Filter>Source Files</Filter>
    </ClCompile>
    <ClCompile Include="src\drives.c">
      <Filter>Source Files</Filter>
    </ClCompile>
    <ClCompile Include="src\actions-variants.c">
      <Filter>Source Files</Filter>
    </ClCompile>
    <ClCompile Include="src\actions-0.c">
      <Filter>Source Files</Filter>
    </ClCompile>
    <ClCompile Include="src\bindtests.c">
      <Filter>Source Files</Filter>
    </ClCompile>
    <ClCompile Include="src\actions-4.c">
      <Filter>Source Files</Filter>
    </ClCompile>
    <ClCompile Include="src\inspect.c">
      <Filter>Source Files</Filter>
    </ClCompile>
    <ClCompile Include="src\libvirt-domain.c">
      <Filter>Source Files</Filter>
    </ClCompile>
    <ClCompile Include="src\inspect-apps.c">
      <Filter>Source Files</Filter>
    </ClCompile>
    <ClCompile Include="src\fuse.c">
      <Filter>Source Files</Filter>
    </ClCompile>
    <ClCompile Include="src\file.c">
      <Filter>Source Files</Filter>
    </ClCompile>
    <ClCompile Include="src\info.c">
      <Filter>Source Files</Filter>
    </ClCompile>
    <ClCompile Include="src\libvirt-auth.c">
      <Filter>Source Files</Filter>
    </ClCompile>
    <ClCompile Include="src\tmpdirs.c">
      <Filter>Source Files</Filter>
    </ClCompile>
    <ClCompile Include="src\journal.c">
      <Filter>Source Files</Filter>
    </ClCompile>
    <ClCompile Include="src\filearch.c">
      <Filter>Source Files</Filter>
    </ClCompile>
    <ClCompile Include="src\listfs.c">
      <Filter>Source Files</Filter>
    </ClCompile>
    <ClCompile Include="src\inspect-fs-windows.c">
      <Filter>Source Files</Filter>
    </ClCompile>
    <ClCompile Include="src\create.c">
      <Filter>Source Files</Filter>
    </ClCompile>
    <ClCompile Include="src\canonical-name.c">
      <Filter>Source Files</Filter>
    </ClCompile>
    <ClCompile Include="src\actions-1.c">
      <Filter>Source Files</Filter>
    </ClCompile>
    <ClCompile Include="src\inspect-icon.c">
      <Filter>Source Files</Filter>
    </ClCompile>
    <ClCompile Include="src\actions-5.c">
      <Filter>Source Files</Filter>
    </ClCompile>
    <ClCompile Include="src\guid.c">
      <Filter>Source Files</Filter>
    </ClCompile>
    <ClCompile Include="src\actions-6.c">
      <Filter>Source Files</Filter>
    </ClCompile>
    <ClCompile Include="src\stringsbuf.c">
      <Filter>Source Files</Filter>
    </ClCompile>
    <ClCompile Include="src\command.c">
      <Filter>Source Files</Filter>
    </ClCompile>
    <ClCompile Include="src\inspect-fs.c">
      <Filter>Source Files</Filter>
    </ClCompile>
    <ClCompile Include="src\gnulib\lib\xstrtol.c">
      <Filter>Source Files</Filter>
    </ClCompile>
    <ClCompile Include="src\match.c">
      <Filter>Source Files</Filter>
    </ClCompile>
    <ClCompile Include="src\errnostring-gperf.c">
      <Filter>Source Files</Filter>
    </ClCompile>
    <ClCompile Include="src\structs-free.c">
      <Filter>Source Files</Filter>
    </ClCompile>
    <ClCompile Include="src\gnulib\lib\full-read.c">
      <Filter>Source Files</Filter>
    </ClCompile>
    <ClCompile Include="src\gnulib\lib\full-write.c">
      <Filter>Source Files</Filter>
    </ClCompile>
    <ClCompile Include="src\gnulib\lib\safe-read.c">
      <Filter>Source Files</Filter>
    </ClCompile>
    <ClCompile Include="src\gnulib\lib\safe-write.c">
      <Filter>Source Files</Filter>
    </ClCompile>
    <ClCompile Include="src\inspect-fs-cd.c">
      <Filter>Source Files</Filter>
    </ClCompile>
    <ClCompile Include="src\win-symlink.c">
      <Filter>Source Files</Filter>
    </ClCompile>
    <ClCompile Include="src\osinfo.c">
      <Filter>Source Files</Filter>
    </ClCompile>
    <ClCompile Include="src\inspect-fs-unix.c">
      <Filter>Source Files</Filter>
    </ClCompile>
    <ClCompile Include="src\lpj.c">
      <Filter>Source Files</Filter>
    </ClCompile>
    <ClCompile Include="src\gnulib\lib\cloexec.c">
      <Filter>Source Files</Filter>
    </ClCompile>
    <ClCompile Include="src\launch-direct.c">
      <Filter>Source Files</Filter>
    </ClCompile>
    <ClCompile Include="src\conn-socket.c">
      <Filter>Source Files</Filter>
    </ClCompile>
    <ClCompile Include="src\appliance.c">
      <Filter>Source Files</Filter>
    </ClCompile>
    <ClCompile Include="src\gnulib\lib\hash.c">
      <Filter>Source Files</Filter>
    </ClCompile>
    <ClCompile Include="src\gnulib\lib\bitrotate.c">
      <Filter>Source Files</Filter>
    </ClCompile>
    <ClCompile Include="src\gnulib\lib\hash-pjw.c">
      <Filter>Source Files</Filter>
    </ClCompile>
    <ClCompile Include="src\guestfs_protocol.pb-c.c">
      <Filter>Source Files</Filter>
    </ClCompile>
    <ClCompile Include="src\guestfs_protocol_converters.c">
      <Filter>Source Files</Filter>
    </ClCompile>
    <ClCompile Include="src\guestfs-internal-structs-free.c">
      <Filter>Source Files</Filter>
    </ClCompile>
    <ClCompile Include="src\shared-memory.c">
      <Filter>Source Files</Filter>
    </ClCompile>
    <ClCompile Include="src\main-dll.c">
      <Filter>Source Files</Filter>
    </ClCompile>
  </ItemGroup>
  <ItemGroup>
    <ClInclude Include="include\config.h">
      <Filter>Header Files</Filter>
    </ClInclude>
    <ClInclude Include="include\guestfs.h">
      <Filter>Header Files</Filter>
    </ClInclude>
    <ClInclude Include="include\guestfs_protocol.h">
      <Filter>Header Files</Filter>
    </ClInclude>
    <ClInclude Include="include\guestfs-internal.h">
      <Filter>Header Files</Filter>
    </ClInclude>
    <ClInclude Include="include\guestfs-internal-actions.h">
      <Filter>Header Files</Filter>
    </ClInclude>
    <ClInclude Include="include\guestfs-internal-all.h">
      <Filter>Header Files</Filter>
    </ClInclude>
    <ClInclude Include="include\guestfs-internal-frontend.h">
      <Filter>Header Files</Filter>
    </ClInclude>
    <ClInclude Include="include\guestfs-internal-frontend-cleanups.h">
      <Filter>Header Files</Filter>
    </ClInclude>
    <ClInclude Include="include\gnulib\lib\ignore-value.h">
      <Filter>Header Files</Filter>
    </ClInclude>
    <ClInclude Include="include\gnulib\lib\glthread\lock.h">
      <Filter>Header Files</Filter>
    </ClInclude>
    <ClInclude Include="include\win-gcc-attribute-constructor.h">
      <Filter>Header Files</Filter>
    </ClInclude>
    <ClInclude Include="include\win-unistd.h">
      <Filter>Header Files</Filter>
    </ClInclude>
    <ClInclude Include="include\win-gcc-attribute-clean.h">
      <Filter>Header Files</Filter>
    </ClInclude>
    <ClInclude Include="include\gnulib\lib\c-ctype.h">
      <Filter>Header Files</Filter>
    </ClInclude>
    <ClInclude Include="include\win-port.h">
      <Filter>Header Files</Filter>
    </ClInclude>
    <ClInclude Include="include\errnostring.h">
      <Filter>Header Files</Filter>
    </ClInclude>
    <ClInclude Include="include\gnulib\lib\intprops.h">
      <Filter>Header Files</Filter>
    </ClInclude>
    <ClInclude Include="include\gnulib\lib\xstrtol.h">
      <Filter>Header Files</Filter>
    </ClInclude>
    <ClInclude Include="include\gnulib\lib\full-read.h">
      <Filter>Header Files</Filter>
    </ClInclude>
    <ClInclude Include="include\gnulib\lib\full-write.h">
      <Filter>Header Files</Filter>
    </ClInclude>
    <ClInclude Include="include\gnulib\lib\safe-read.h">
      <Filter>Header Files</Filter>
    </ClInclude>
    <ClInclude Include="include\gnulib\lib\safe-write.h">
      <Filter>Header Files</Filter>
    </ClInclude>
    <ClInclude Include="include\win-dirent.h">
      <Filter>Header Files</Filter>
    </ClInclude>
    <ClInclude Include="include\win-endian.h">
      <Filter>Header Files</Filter>
    </ClInclude>
    <ClInclude Include="include\win-check-endian.h">
      <Filter>Header Files</Filter>
    </ClInclude>
    <ClInclude Include="include\gnulib\lib\cloexec.h">
      <Filter>Header Files</Filter>
    </ClInclude>
    <ClInclude Include="include\gnulib\lib\hash.h">
      <Filter>Header Files</Filter>
    </ClInclude>
    <ClInclude Include="include\gnulib\lib\xalloc-oversized.h">
      <Filter>Header Files</Filter>
    </ClInclude>
    <ClInclude Include="include\gnulib\lib\bitrotate.h">
      <Filter>Header Files</Filter>
    </ClInclude>
    <ClInclude Include="include\gnulib\lib\hash-pjw.h">
      <Filter>Header Files</Filter>
    </ClInclude>
    <ClInclude Include="include\guestfs_protocol.pb-c.h">
      <Filter>Header Files</Filter>
    </ClInclude>
    <ClInclude Include="include\guestfs_protocol_constants.h">
      <Filter>Header Files</Filter>
    </ClInclude>
    <ClInclude Include="include\guestfs_protocol_converters.h">
      <Filter>Header Files</Filter>
    </ClInclude>
    <ClInclude Include="include\guestfs_protocol_typedefs.h">
      <Filter>Header Files</Filter>
    </ClInclude>
    <ClInclude Include="include\guestfs-internal-structs-free.h">
      <Filter>Header Files</Filter>
    </ClInclude>
    <ClInclude Include="include\xdr.h">
      <Filter>Header Files</Filter>
    </ClInclude>
    <ClInclude Include="include\win-dll.h">
      <Filter>Header Files</Filter>
    </ClInclude>
    <ClInclude Include="test-guestfs.h">
      <Filter>Header Files</Filter>
    </ClInclude>
  </ItemGroup>
</Project>